{
  "nodes": {
    "home-manager": {
      "inputs": {
        "nixpkgs": [
          "nixpkgs"
        ]
      },
      "locked": {
        "lastModified": 1783458499,
        "narHash": "sha256-a8whUXG4ThsZNjL92cH4wbl+/dt8CbT/F0zJsfhzFbM=",
        "owner": "nix-community",
        "repo": "home-manager",
        "rev": "53ebbdc405acc04acd9bb73ccca462b51ddb8c6d",
        "type": "github"
      },
      "original": {
        "owner": "nix-community",
        "repo": "home-manager",
        "type": "github"
      }
    },
    "nixpkgs": {
      "locked": {
        "lastModified": 1783279667,
        "narHash": "sha256-/NAkDSsve+GNM0Bt6tleJdCGfsTlK89nPjkVOzZMo0s=",
        "owner": "nixos",
        "repo": "nixpkgs",
        "rev": "f205b5574fd0cb7da5b702a2da51507b7f4fdd1b",
        "type": "github"
      },
      "original": {
        "owner": "nixos",
        "ref": "nixpkgs-unstable",
        "repo": "nixpkgs",
        "type": "github"
      }
    },
    "nixpkgs-mysql57": {
      "locked": {
        "lastModified": 1664005870,
        "narHash": "sha256-bA4felV2o8y1TYb5NOf4NekKFUs5OFHRad3Q6nihif8=",
        "owner": "nixos",
        "repo": "nixpkgs",
        "rev": "06c9198cbf48559191bf6c9b76c0f370f96b8c33",
        "type": "github"
      },
      "original": {
        "owner": "nixos",
        "repo": "nixpkgs",
        "rev": "06c9198cbf48559191bf6c9b76c0f370f96b8c33",
        "type": "github"
      }
    },
    "nixpkgs-python310": {
      "locked": {
        "lastModified": 1770834626,
        "narHash": "sha256-EPCjf1jlY4Wm8dtWKLZULWIOwR+VE/zSewYgXX8Npvw=",
        "owner": "nixos",
        "repo": "nixpkgs",
        "rev": "15a6983bd3650b968eb59693dfaecb7e82e31c7a",
        "type": "github"
      },
      "original": {
        "owner": "nixos",
        "repo": "nixpkgs",
        "rev": "15a6983bd3650b968eb59693dfaecb7e82e31c7a",
        "type": "github"
      }
    },
    "nixpkgs-python311": {
      "locked": {
        "lastModified": 1769023397,
        "narHash": "sha256-BUdMKHUmymmtTF4EqfxMbS+q6j9Q9CJrC1JHXAET3u0=",
        "owner": "nixos",
        "repo": "nixpkgs",
        "rev": "16aa50099ecd6491b90a79703663f2bfa26b453a",
        "type": "github"
      },
      "original": {
        "owner": "nixos",
        "repo": "nixpkgs",
        "rev": "16aa50099ecd6491b90a79703663f2bfa26b453a",
        "type": "github"
      }
    },
    "root": {
      "inputs": {
        "home-manager": "home-manager",
        "nixpkgs": "nixpkgs",
        "nixpkgs-mysql57": "nixpkgs-mysql57",
        "nixpkgs-python310": "nixpkgs-python310",
        "nixpkgs-python311": "nixpkgs-python311"
      }
    }
  },
  "root": "root",
  "version": 7
}
