{
  "nodes": {
    "home-manager": {
      "inputs": {
        "nixpkgs": [
          "nixpkgs"
        ]
      },
      "locked": {
        "lastModified": 1774379316,
        "narHash": "sha256-0nGNxWDUH2Hzlj/R3Zf4FEK6fsFNB/dvewuboSRZqiI=",
        "owner": "nix-community",
        "repo": "home-manager",
        "rev": "1eb0549a1ab3fe3f5acf86668249be15fa0e64f7",
        "type": "github"
      },
      "original": {
        "owner": "nix-community",
        "repo": "home-manager",
        "type": "github"
      }
    },
    "nixpkgs": {
      "locked": {
        "lastModified": 1774106199,
        "narHash": "sha256-US5Tda2sKmjrg2lNHQL3jRQ6p96cgfWh3J1QBliQ8Ws=",
        "owner": "nixos",
        "repo": "nixpkgs",
        "rev": "6c9a78c09ff4d6c21d0319114873508a6ec01655",
        "type": "github"
      },
      "original": {
        "owner": "nixos",
        "ref": "nixos-unstable",
        "repo": "nixpkgs",
        "type": "github"
      }
    },
    "nixpkgs-mysql57": {
      "locked": {
        "lastModified": 1664005870,
        "narHash": "sha256-bA4felV2o8y1TYb5NOf4NekKFUs5OFHRad3Q6nihif8=",
        "owner": "nixos",
        "repo": "nixpkgs",
        "rev": "06c9198cbf48559191bf6c9b76c0f370f96b8c33",
        "type": "github"
      },
      "original": {
        "owner": "nixos",
        "repo": "nixpkgs",
        "rev": "06c9198cbf48559191bf6c9b76c0f370f96b8c33",
        "type": "github"
      }
    },
    "nixpkgs-python310": {
      "locked": {
        "lastModified": 1770834626,
        "narHash": "sha256-EPCjf1jlY4Wm8dtWKLZULWIOwR+VE/zSewYgXX8Npvw=",
        "owner": "nixos",
        "repo": "nixpkgs",
        "rev": "15a6983bd3650b968eb59693dfaecb7e82e31c7a",
        "type": "github"
      },
      "original": {
        "owner": "nixos",
        "repo": "nixpkgs",
        "rev": "15a6983bd3650b968eb59693dfaecb7e82e31c7a",
        "type": "github"
      }
    },
    "root": {
      "inputs": {
        "home-manager": "home-manager",
        "nixpkgs": "nixpkgs",
        "nixpkgs-mysql57": "nixpkgs-mysql57",
        "nixpkgs-python310": "nixpkgs-python310"
      }
    }
  },
  "root": "root",
  "version": 7
}
